
Microsoft Visual Studio Solution File, Format Version 12.00
# Visual Studio Version 17
VisualStudioVersion = 17.3.32929.385
MinimumVisualStudioVersion = 10.0.40219.1
Project("{FAE04EC0-301F-11D3-BF4B-00C04F79EFBC}") = "Thiago_Tarefa_Po2", "Thiago_Tarefa_Po2\Thiago_Tarefa_Po2.csproj", "{20EB80A6-7056-487B-AC1E-F0905ACDEF58}"
EndProject
Global
	GlobalSection(SolutionConfigurationPlatforms) = preSolution
		Debug|Any CPU = Debug|Any CPU
		Release|Any CPU = Release|Any CPU
	EndGlobalSection
	GlobalSection(ProjectConfigurationPlatforms) = postSolution
		{20EB80A6-7056-487B-AC1E-F0905ACDEF58}.Debug|Any CPU.ActiveCfg = Debug|Any CPU
		{20EB80A6-7056-487B-AC1E-F0905ACDEF58}.Debug|Any CPU.Build.0 = Debug|Any CPU
		{20EB80A6-7056-487B-AC1E-F0905ACDEF58}.Release|Any CPU.ActiveCfg = Release|Any CPU
		{20EB80A6-7056-487B-AC1E-F0905ACDEF58}.Release|Any CPU.Build.0 = Release|Any CPU
	EndGlobalSection
	GlobalSection(SolutionProperties) = preSolution
		HideSolutionNode = FALSE
	EndGlobalSection
	GlobalSection(ExtensibilityGlobals) = postSolution
		SolutionGuid = {FACB18D3-0866-48B1-A56E-39DC181BDA8E}
	EndGlobalSection
EndGlobal
