
Microsoft Visual Studio Solution File, Format Version 12.00
# Visual Studio Version 17
VisualStudioVersion = 17.3.32929.385
MinimumVisualStudioVersion = 10.0.40219.1
Project("{FAE04EC0-301F-11D3-BF4B-00C04F79EFBC}") = "ExameFinalIara", "ExameFinalIara\ExameFinalIara.csproj", "{8212C557-5869-44AC-A1FA-81F3C06DEC5E}"
EndProject
Global
	GlobalSection(SolutionConfigurationPlatforms) = preSolution
		Debug|Any CPU = Debug|Any CPU
		Release|Any CPU = Release|Any CPU
	EndGlobalSection
	GlobalSection(ProjectConfigurationPlatforms) = postSolution
		{8212C557-5869-44AC-A1FA-81F3C06DEC5E}.Debug|Any CPU.ActiveCfg = Debug|Any CPU
		{8212C557-5869-44AC-A1FA-81F3C06DEC5E}.Debug|Any CPU.Build.0 = Debug|Any CPU
		{8212C557-5869-44AC-A1FA-81F3C06DEC5E}.Release|Any CPU.ActiveCfg = Release|Any CPU
		{8212C557-5869-44AC-A1FA-81F3C06DEC5E}.Release|Any CPU.Build.0 = Release|Any CPU
	EndGlobalSection
	GlobalSection(SolutionProperties) = preSolution
		HideSolutionNode = FALSE
	EndGlobalSection
	GlobalSection(ExtensibilityGlobals) = postSolution
		SolutionGuid = {4E0D1DFB-3483-4771-8878-08B133B5EB0F}
	EndGlobalSection
EndGlobal
